
Microsoft Visual Studio Solution File, Format Version 12.00
# Visual Studio Version 17
VisualStudioVersion = 17.4.33213.308
MinimumVisualStudioVersion = 10.0.40219.1
Project("{FAE04EC0-301F-11D3-BF4B-00C04F79EFBC}") = "Vozilo", "Vozilo.csproj", "{1B74B7F0-FC13-4A3A-BF0C-38FEE29438CE}"
EndProject
Global
	GlobalSection(SolutionConfigurationPlatforms) = preSolution
		Debug|Any CPU = Debug|Any CPU
		Release|Any CPU = Release|Any CPU
	EndGlobalSection
	GlobalSection(ProjectConfigurationPlatforms) = postSolution
		{1B74B7F0-FC13-4A3A-BF0C-38FEE29438CE}.Debug|Any CPU.ActiveCfg = Debug|Any CPU
		{1B74B7F0-FC13-4A3A-BF0C-38FEE29438CE}.Debug|Any CPU.Build.0 = Debug|Any CPU
		{1B74B7F0-FC13-4A3A-BF0C-38FEE29438CE}.Release|Any CPU.ActiveCfg = Release|Any CPU
		{1B74B7F0-FC13-4A3A-BF0C-38FEE29438CE}.Release|Any CPU.Build.0 = Release|Any CPU
	EndGlobalSection
	GlobalSection(SolutionProperties) = preSolution
		HideSolutionNode = FALSE
	EndGlobalSection
	GlobalSection(ExtensibilityGlobals) = postSolution
		SolutionGuid = {2B127508-B1C0-4D05-8426-E06F4412E291}
	EndGlobalSection
EndGlobal
